// !$*UTF8*$!
{
	archiveVersion = 1;
	classes = {
	};
	objectVersion = 77;
	objects = {

/* Begin PBXBuildFile section */
		550CB32B2EFCDD8600CCB9AB /* Algorithms in Frameworks */ = {isa = PBXBuildFile; productRef = 550CB32A2EFCDD8600CCB9AB /* Algorithms */; };
		550CB32F2EFCE49A00CCB9AB /* GoogleSignIn in Frameworks */ = {isa = PBXBuildFile; productRef = 550CB32E2EFCE49A00CCB9AB /* GoogleSignIn */; };
		550CB3312EFCE49A00CCB9AB /* GoogleSignInSwift in Frameworks */ = {isa = PBXBuildFile; productRef = 550CB3302EFCE49A00CCB9AB /* GoogleSignInSwift */; };
		550CB3332EFCE6400CCB9AB /* Supabase in Frameworks */ = {isa = PBXBuildFile; productRef = 550CB3322EFCE6400CCB9AB /* Supabase */; };
		550CB34C2EFC76E500CCB9B0 /* StepCompWorkoutWidgetExtension.appex in Embed Foundation Extensions */ = {isa = PBXBuildFile; fileRef = 550CB3412EFC76E500CCB9B0 /* StepCompWorkoutWidgetExtension.appex */; };
/* End PBXBuildFile section */

/* Begin PBXContainerItemProxy section */
		550CB3492EFC76E500CCB9B0 /* PBXContainerItemProxy */ = {
			isa = PBXContainerItemProxy;
			containerPortal = 5560672D2EFC76E5008EDA16 /* Project object */;
			proxyType = 1;
			remoteGlobalIDString = 550CB3422EFC76E500CCB9B0;
			remoteInfo = StepCompWorkoutWidgetExtension;
		};
/* End PBXContainerItemProxy section */

/* Begin PBXCopyFilesBuildPhase section */
		550CB34B2EFC76E500CCB9B0 /* Embed Foundation Extensions */ = {
			isa = PBXCopyFilesBuildPhase;
			buildActionMask = 2147483647;
			dstPath = "";
			dstSubfolderSpec = 13;
			files = (
				550CB34C2EFC76E500CCB9B0 /* StepCompWorkoutWidgetExtension.appex in Embed Foundation Extensions */,
			);
			name = "Embed Foundation Extensions";
			runOnlyForDeploymentPostprocessing = 0;
		};
/* End PBXCopyFilesBuildPhase section */

/* Begin PBXFileReference section */
		550CB3412EFC76E500CCB9B0 /* StepCompWorkoutWidgetExtension.appex */ = {isa = PBXFileReference; explicitFileType = "wrapper.app-extension"; includeInIndex = 0; path = StepCompWorkoutWidgetExtension.appex; sourceTree = BUILT_PRODUCTS_DIR; };
		556067352EFC76E5008EDA16 /* StepComp.app */ = {isa = PBXFileReference; explicitFileType = wrapper.application; includeInIndex = 0; path = StepComp.app; sourceTree = BUILT_PRODUCTS_DIR; };
/* End PBXFileReference section */

/* Begin PBXFileSystemSynchronizedBuildFileExceptionSet section */
		550755F22F0CB4DB00CE0891 /* Exceptions for "StepComp" folder in "StepComp" target */ = {
			isa = PBXFileSystemSynchronizedBuildFileExceptionSet;
			membershipExceptions = (
				Info.plist,
			);
			target = 556067342EFC76E5008EDA16 /* StepComp */;
		};
		550CB34D2EFC76E500CCB9B0 /* Exceptions for "StepCompWorkoutWidget" folder in "StepCompWorkoutWidgetExtension" target */ = {
			isa = PBXFileSystemSynchronizedBuildFileExceptionSet;
			membershipExceptions = (
				Info.plist,
			);
			target = 550CB3422EFC76E500CCB9B0 /* StepCompWorkoutWidgetExtension */;
		};
		AA0000012F0CB4DB00CE0891 /* Exceptions for "StepCompWorkoutWidget" folder in "StepComp" target */ = {
			isa = PBXFileSystemSynchronizedBuildFileExceptionSet;
			membershipExceptions = (
				WorkoutAttributes.swift,
			);
			target = 556067342EFC76E5008EDA16 /* StepComp */;
		};
/* End PBXFileSystemSynchronizedBuildFileExceptionSet section */

/* Begin PBXFileSystemSynchronizedRootGroup section */
		550CB3402EFC76E500CCB9B0 /* StepCompWorkoutWidget */ = {
			isa = PBXFileSystemSynchronizedRootGroup;
			exceptions = (
				AA0000012F0CB4DB00CE0891 /* Exceptions for "StepCompWorkoutWidget" folder in "StepComp" target */,
				550CB34D2EFC76E500CCB9B0 /* Exceptions for "StepCompWorkoutWidget" folder in "StepCompWorkoutWidgetExtension" target */,
			);
			path = StepCompWorkoutWidget;
			sourceTree = "<group>";
		};
		556067372EFC76E5008EDA16 /* StepComp */ = {
			isa = PBXFileSystemSynchronizedRootGroup;
			exceptions = (
				550755F22F0CB4DB00CE0891 /* Exceptions for "StepComp" folder in "StepComp" target */,
			);
			path = StepComp;
			sourceTree = "<group>";
		};
/* End PBXFileSystemSynchronizedRootGroup section */

/* Begin PBXFrameworksBuildPhase section */
		550CB3442EFC76E500CCB9B0 /* Frameworks */ = {
			isa = PBXFrameworksBuildPhase;
			buildActionMask = 2147483647;
			files = (
			);
			runOnlyForDeploymentPostprocessing = 0;
		};
		556067322EFC76E5008EDA16 /* Frameworks */ = {
			isa = PBXFrameworksBuildPhase;
			buildActionMask = 2147483647;
			files = (
				550CB3312EFCE49A00CCB9AB /* GoogleSignInSwift in Frameworks */,
				550CB32B2EFCDD8600CCB9AB /* Algorithms in Frameworks */,
				550CB32F2EFCE49A00CCB9AB /* GoogleSignIn in Frameworks */,
				550CB3332EFCE6400CCB9AB /* Supabase in Frameworks */,
			);
			runOnlyForDeploymentPostprocessing = 0;
		};
/* End PBXFrameworksBuildPhase section */

/* Begin PBXGroup section */
		5560672C2EFC76E5008EDA16 = {
			isa = PBXGroup;
			children = (
				556067372EFC76E5008EDA16 /* StepComp */,
				550CB3402EFC76E500CCB9B0 /* StepCompWorkoutWidget */,
				556067362EFC76E5008EDA16 /* Products */,
			);
			sourceTree = "<group>";
		};
		556067362EFC76E5008EDA16 /* Products */ = {
			isa = PBXGroup;
			children = (
				556067352EFC76E5008EDA16 /* StepComp.app */,
				550CB3412EFC76E500CCB9B0 /* StepCompWorkoutWidgetExtension.appex */,
			);
			name = Products;
			sourceTree = "<group>";
		};
/* End PBXGroup section */

/* Begin PBXNativeTarget section */
		550CB3422EFC76E500CCB9B0 /* StepCompWorkoutWidgetExtension */ = {
			isa = PBXNativeTarget;
			buildConfigurationList = 550CB3462EFC76E500CCB9B0 /* Build configuration list for PBXNativeTarget "StepCompWorkoutWidgetExtension" */;
			buildPhases = (
				550CB3432EFC76E500CCB9B0 /* Sources */,
				550CB3442EFC76E500CCB9B0 /* Frameworks */,
				550CB3452EFC76E500CCB9B0 /* Resources */,
			);
			buildRules = (
			);
			dependencies = (
			);
			fileSystemSynchronizedGroups = (
				550CB3402EFC76E500CCB9B0 /* StepCompWorkoutWidget */,
			);
			name = StepCompWorkoutWidgetExtension;
			productName = StepCompWorkoutWidgetExtension;
			productReference = 550CB3412EFC76E500CCB9B0 /* StepCompWorkoutWidgetExtension.appex */;
			productType = "com.apple.product-type.app-extension";
		};
		556067342EFC76E5008EDA16 /* StepComp */ = {
			isa = PBXNativeTarget;
			buildConfigurationList = 556067402EFC76E6008EDA16 /* Build configuration list for PBXNativeTarget "StepComp" */;
			buildPhases = (
				556067312EFC76E5008EDA16 /* Sources */,
				556067322EFC76E5008EDA16 /* Frameworks */,
				556067332EFC76E5008EDA16 /* Resources */,
				550CB34B2EFC76E500CCB9B0 /* Embed Foundation Extensions */,
			);
			buildRules = (
			);
			dependencies = (
				550CB34A2EFC76E500CCB9B0 /* PBXTargetDependency */,
			);
			fileSystemSynchronizedGroups = (
				556067372EFC76E5008EDA16 /* StepComp */,
			);
			name = StepComp;
			packageProductDependencies = (
				550CB32A2EFCDD8600CCB9AB /* Algorithms */,
				550CB32E2EFCE49A00CCB9AB /* GoogleSignIn */,
				550CB3302EFCE49A00CCB9AB /* GoogleSignInSwift */,
				550CB3322EFCE6400CCB9AB /* Supabase */,
			);
			productName = StepComp;
			productReference = 556067352EFC76E5008EDA16 /* StepComp.app */;
			productType = "com.apple.product-type.application";
		};
/* End PBXNativeTarget section */

/* Begin PBXProject section */
		5560672D2EFC76E5008EDA16 /* Project object */ = {
			isa = PBXProject;
			attributes = {
				BuildIndependentTargetsInParallel = 1;
				LastSwiftUpdateCheck = 2600;
				LastUpgradeCheck = 2600;
				TargetAttributes = {
					550CB3422EFC76E500CCB9B0 = {
						CreatedOnToolsVersion = 26.0.1;
					};
					556067342EFC76E5008EDA16 = {
						CreatedOnToolsVersion = 26.0.1;
					};
				};
			};
			buildConfigurationList = 556067302EFC76E5008EDA16 /* Build configuration list for PBXProject "StepComp" */;
			developmentRegion = en;
			hasScannedForEncodings = 0;
			knownRegions = (
				en,
				Base,
			);
			mainGroup = 5560672C2EFC76E5008EDA16;
			minimizedProjectReferenceProxies = 1;
			packageReferences = (
				550CB3292EFCDD8600CCB9AB /* XCRemoteSwiftPackageReference "swift-algorithms" */,
				550CB32C2EFCDE6400CCB9AB /* XCRemoteSwiftPackageReference "supabase-swift" */,
				550CB32D2EFCE49A00CCB9AB /* XCRemoteSwiftPackageReference "GoogleSignIn-iOS" */,
			);
			preferredProjectObjectVersion = 77;
			productRefGroup = 556067362EFC76E5008EDA16 /* Products */;
			projectDirPath = "";
			projectRoot = "";
			targets = (
				556067342EFC76E5008EDA16 /* StepComp */,
				550CB3422EFC76E500CCB9B0 /* StepCompWorkoutWidgetExtension */,
			);
		};
/* End PBXProject section */

/* Begin PBXResourcesBuildPhase section */
		550CB3452EFC76E500CCB9B0 /* Resources */ = {
			isa = PBXResourcesBuildPhase;
			buildActionMask = 2147483647;
			files = (
			);
			runOnlyForDeploymentPostprocessing = 0;
		};
		556067332EFC76E5008EDA16 /* Resources */ = {
			isa = PBXResourcesBuildPhase;
			buildActionMask = 2147483647;
			files = (
			);
			runOnlyForDeploymentPostprocessing = 0;
		};
/* End PBXResourcesBuildPhase section */

/* Begin PBXSourcesBuildPhase section */
		550CB3432EFC76E500CCB9B0 /* Sources */ = {
			isa = PBXSourcesBuildPhase;
			buildActionMask = 2147483647;
			files = (
			);
			runOnlyForDeploymentPostprocessing = 0;
		};
		556067312EFC76E5008EDA16 /* Sources */ = {
			isa = PBXSourcesBuildPhase;
			buildActionMask = 2147483647;
			files = (
			);
			runOnlyForDeploymentPostprocessing = 0;
		};
/* End PBXSourcesBuildPhase section */

/* Begin PBXTargetDependency section */
		550CB34A2EFC76E500CCB9B0 /* PBXTargetDependency */ = {
			isa = PBXTargetDependency;
			target = 550CB3422EFC76E500CCB9B0 /* StepCompWorkoutWidgetExtension */;
			targetProxy = 550CB3492EFC76E500CCB9B0 /* PBXContainerItemProxy */;
		};
/* End PBXTargetDependency section */

/* Begin XCBuildConfiguration section */
		550CB3472EFC76E500CCB9B0 /* Debug */ = {
			isa = XCBuildConfiguration;
			buildSettings = {
				CODE_SIGN_ENTITLEMENTS = StepCompWorkoutWidget/StepCompWorkoutWidget.entitlements;
				CODE_SIGN_STYLE = Automatic;
				CURRENT_PROJECT_VERSION = 1;
				DEVELOPMENT_TEAM = 8HSMVL4J99;
				GENERATE_INFOPLIST_FILE = YES;
				INFOPLIST_FILE = StepCompWorkoutWidget/Info.plist;
				IPHONEOS_DEPLOYMENT_TARGET = 18.0;
				LD_RUNPATH_SEARCH_PATHS = (
					"$(inherited)",
					"@executable_path/Frameworks",
					"@executable_path/../../Frameworks",
				);
				MARKETING_VERSION = 1.0;
				PRODUCT_BUNDLE_IDENTIFIER = JE.StepComp.WorkoutWidget;
				PRODUCT_NAME = "$(TARGET_NAME)";
				SKIP_INSTALL = YES;
				SUPPORTED_PLATFORMS = "iphoneos iphonesimulator";
				SWIFT_EMIT_LOC_STRINGS = YES;
				SWIFT_VERSION = 5.0;
				TARGETED_DEVICE_FAMILY = "1,2";
			};
			name = Debug;
		};
		550CB3482EFC76E500CCB9B0 /* Release */ = {
			isa = XCBuildConfiguration;
			buildSettings = {
				CODE_SIGN_ENTITLEMENTS = StepCompWorkoutWidget/StepCompWorkoutWidget.entitlements;
				CODE_SIGN_STYLE = Automatic;
				CURRENT_PROJECT_VERSION = 1;
				DEVELOPMENT_TEAM = 8HSMVL4J99;
				GENERATE_INFOPLIST_FILE = YES;
				INFOPLIST_FILE = StepCompWorkoutWidget/Info.plist;
				IPHONEOS_DEPLOYMENT_TARGET = 18.0;
				LD_RUNPATH_SEARCH_PATHS = (
					"$(inherited)",
					"@executable_path/Frameworks",
					"@executable_path/../../Frameworks",
				);
				MARKETING_VERSION = 1.0;
				PRODUCT_BUNDLE_IDENTIFIER = JE.StepComp.WorkoutWidget;
				PRODUCT_NAME = "$(TARGET_NAME)";
				SKIP_INSTALL = YES;
				SUPPORTED_PLATFORMS = "iphoneos iphonesimulator";
				SWIFT_EMIT_LOC_STRINGS = YES;
				SWIFT_VERSION = 5.0;
				TARGETED_DEVICE_FAMILY = "1,2";
			};
			name = Release;
		};
		5560673E2EFC76E6008EDA16 /* Debug */ = {
			isa = XCBuildConfiguration;
			buildSettings = {
				ALWAYS_SEARCH_USER_PATHS = NO;
				ASSETCATALOG_COMPILER_GENERATE_SWIFT_ASSET_SYMBOL_EXTENSIONS = YES;
				CLANG_ANALYZER_NONNULL = YES;
				CLANG_ANALYZER_NUMBER_OBJECT_CONVERSION = YES_AGGRESSIVE;
				CLANG_CXX_LANGUAGE_STANDARD = "gnu++20";
				CLANG_ENABLE_MODULES = YES;
				CLANG_ENABLE_OBJC_ARC = YES;
				CLANG_ENABLE_OBJC_WEAK = YES;
				CLANG_WARN_BLOCK_CAPTURE_AUTORELEASING = YES;
				CLANG_WARN_BOOL_CONVERSION = YES;
				CLANG_WARN_COMMA = YES;
				CLANG_WARN_CONSTANT_CONVERSION = YES;
				CLANG_WARN_DEPRECATED_OBJC_IMPLEMENTATIONS = YES;
				CLANG_WARN_DIRECT_OBJC_ISA_USAGE = YES_ERROR;
				CLANG_WARN_DOCUMENTATION_COMMENTS = YES;
				CLANG_WARN_EMPTY_BODY = YES;
				CLANG_WARN_ENUM_CONVERSION = YES;
				CLANG_WARN_INFINITE_RECURSION = YES;
				CLANG_WARN_INT_CONVERSION = YES;
				CLANG_WARN_NON_LITERAL_NULL_CONVERSION = YES;
				CLANG_WARN_OBJC_IMPLICIT_RETAIN_SELF = YES;
				CLANG_WARN_OBJC_LITERAL_CONVERSION = YES;
				CLANG_WARN_OBJC_ROOT_CLASS = YES_ERROR;
				CLANG_WARN_QUOTED_INCLUDE_IN_FRAMEWORK_HEADER = YES;
				CLANG_WARN_RANGE_LOOP_ANALYSIS = YES;
				CLANG_WARN_STRICT_PROTOTYPES = YES;
				CLANG_WARN_SUSPICIOUS_MOVE = YES;
				CLANG_WARN_UNGUARDED_AVAILABILITY = YES_AGGRESSIVE;
				CLANG_WARN_UNREACHABLE_CODE = YES;
				CLANG_WARN__DUPLICATE_METHOD_MATCH = YES;
				COPY_PHASE_STRIP = NO;
				DEBUG_INFORMATION_FORMAT = dwarf;
				ENABLE_STRICT_OBJC_MSGSEND = YES;
				ENABLE_TESTABILITY = YES;
				ENABLE_USER_SCRIPT_SANDBOXING = YES;
				GCC_C_LANGUAGE_STANDARD = gnu17;
				GCC_DYNAMIC_NO_PIC = NO;
				GCC_NO_COMMON_BLOCKS = YES;
				GCC_OPTIMIZATION_LEVEL = 0;
				GCC_PREPROCESSOR_DEFINITIONS = (
					"DEBUG=1",
					"$(inherited)",
				);
				GCC_WARN_64_TO_32_BIT_CONVERSION = YES;
				GCC_WARN_ABOUT_RETURN_TYPE = YES_ERROR;
				GCC_WARN_UNDECLARED_SELECTOR = YES;
				GCC_WARN_UNINITIALIZED_AUTOS = YES_AGGRESSIVE;
				GCC_WARN_UNUSED_FUNCTION = YES;
				GCC_WARN_UNUSED_VARIABLE = YES;
				LOCALIZATION_PREFERS_STRING_CATALOGS = YES;
				MTL_ENABLE_DEBUG_INFO = INCLUDE_SOURCE;
				MTL_FAST_MATH = YES;
				ONLY_ACTIVE_ARCH = YES;
				SWIFT_ACTIVE_COMPILATION_CONDITIONS = "DEBUG $(inherited)";
				SWIFT_OPTIMIZATION_LEVEL = "-Onone";
			};
			name = Debug;
		};
		5560673F2EFC76E6008EDA16 /* Release */ = {
			isa = XCBuildConfiguration;
			buildSettings = {
				ALWAYS_SEARCH_USER_PATHS = NO;
				ASSETCATALOG_COMPILER_GENERATE_SWIFT_ASSET_SYMBOL_EXTENSIONS = YES;
				CLANG_ANALYZER_NONNULL = YES;
				CLANG_ANALYZER_NUMBER_OBJECT_CONVERSION = YES_AGGRESSIVE;
				CLANG_CXX_LANGUAGE_STANDARD = "gnu++20";
				CLANG_ENABLE_MODULES = YES;
				CLANG_ENABLE_OBJC_ARC = YES;
				CLANG_ENABLE_OBJC_WEAK = YES;
				CLANG_WARN_BLOCK_CAPTURE_AUTORELEASING = YES;
				CLANG_WARN_BOOL_CONVERSION = YES;
				CLANG_WARN_COMMA = YES;
				CLANG_WARN_CONSTANT_CONVERSION = YES;
				CLANG_WARN_DEPRECATED_OBJC_IMPLEMENTATIONS = YES;
				CLANG_WARN_DIRECT_OBJC_ISA_USAGE = YES_ERROR;
				CLANG_WARN_DOCUMENTATION_COMMENTS = YES;
				CLANG_WARN_EMPTY_BODY = YES;
				CLANG_WARN_ENUM_CONVERSION = YES;
				CLANG_WARN_INFINITE_RECURSION = YES;
				CLANG_WARN_INT_CONVERSION = YES;
				CLANG_WARN_NON_LITERAL_NULL_CONVERSION = YES;
				CLANG_WARN_OBJC_IMPLICIT_RETAIN_SELF = YES;
				CLANG_WARN_OBJC_LITERAL_CONVERSION = YES;
				CLANG_WARN_OBJC_ROOT_CLASS = YES_ERROR;
				CLANG_WARN_QUOTED_INCLUDE_IN_FRAMEWORK_HEADER = YES;
				CLANG_WARN_RANGE_LOOP_ANALYSIS = YES;
				CLANG_WARN_STRICT_PROTOTYPES = YES;
				CLANG_WARN_SUSPICIOUS_MOVE = YES;
				CLANG_WARN_UNGUARDED_AVAILABILITY = YES_AGGRESSIVE;
				CLANG_WARN_UNREACHABLE_CODE = YES;
				CLANG_WARN__DUPLICATE_METHOD_MATCH = YES;
				COPY_PHASE_STRIP = NO;
				DEBUG_INFORMATION_FORMAT = "dwarf-with-dsym";
				ENABLE_NS_ASSERTIONS = NO;
				ENABLE_STRICT_OBJC_MSGSEND = YES;
				ENABLE_USER_SCRIPT_SANDBOXING = YES;
				GCC_C_LANGUAGE_STANDARD = gnu17;
				GCC_NO_COMMON_BLOCKS = YES;
				GCC_WARN_64_TO_32_BIT_CONVERSION = YES;
				GCC_WARN_ABOUT_RETURN_TYPE = YES_ERROR;
				GCC_WARN_UNDECLARED_SELECTOR = YES;
				GCC_WARN_UNINITIALIZED_AUTOS = YES_AGGRESSIVE;
				GCC_WARN_UNUSED_FUNCTION = YES;
				GCC_WARN_UNUSED_VARIABLE = YES;
				LOCALIZATION_PREFERS_STRING_CATALOGS = YES;
				MTL_ENABLE_DEBUG_INFO = NO;
				MTL_FAST_MATH = YES;
				SWIFT_COMPILATION_MODE = wholemodule;
			};
			name = Release;
		};
		556067412EFC76E6008EDA16 /* Debug */ = {
			isa = XCBuildConfiguration;
			buildSettings = {
				ASSETCATALOG_COMPILER_APPICON_NAME = AppIcon;
				ASSETCATALOG_COMPILER_GLOBAL_ACCENT_COLOR_NAME = AccentColor;
				ASSETCATALOG_COMPILER_INCLUDE_ALL_APPICON_ASSETS = YES;
				CODE_SIGN_ENTITLEMENTS = StepComp/StepComp.entitlements;
				CODE_SIGN_STYLE = Automatic;
				CURRENT_PROJECT_VERSION = 1;
				DEVELOPMENT_TEAM = 8HSMVL4J99;
				ENABLE_APP_SANDBOX = NO;
				ENABLE_PREVIEWS = YES;
				GENERATE_INFOPLIST_FILE = YES;
				INFOPLIST_FILE = StepComp/Info.plist;
				INFOPLIST_KEY_CFBundleURLTypes = "{\n    CFBundleURLSchemes =     (\n        \"com.googleusercontent.apps.704127110518-fcj9p8s8na0oo9h5e4rv93b7victn1ge\"\n    );\n}";
				INFOPLIST_KEY_GIDClientID = "704127110518-fcj9p8s8na0oo9h5e4rv93b7victn1ge.apps.googleusercontent.com";
				INFOPLIST_KEY_LSApplicationCategoryType = "public.app-category.healthcare-fitness";
				INFOPLIST_KEY_NSHealthShareUsageDescription = "\"StepComp needs access to your step count to track your progress in challenges.\"\nNSHealthUpdateUsageDescription: \"StepComp needs permission to save your step data for challenge tracking.\"";
				INFOPLIST_KEY_NSHealthUpdateUsageDescription = "StepComp needs permission to save your step data for challenge tracking.";
				"INFOPLIST_KEY_UIApplicationSceneManifest_Generation[sdk=iphoneos*]" = YES;
				"INFOPLIST_KEY_UIApplicationSceneManifest_Generation[sdk=iphonesimulator*]" = YES;
				"INFOPLIST_KEY_UIApplicationSupportsIndirectInputEvents[sdk=iphoneos*]" = YES;
				"INFOPLIST_KEY_UIApplicationSupportsIndirectInputEvents[sdk=iphonesimulator*]" = YES;
				"INFOPLIST_KEY_UILaunchScreen_Generation[sdk=iphoneos*]" = YES;
				"INFOPLIST_KEY_UILaunchScreen_Generation[sdk=iphonesimulator*]" = YES;
				"INFOPLIST_KEY_UIStatusBarStyle[sdk=iphoneos*]" = UIStatusBarStyleDefault;
				"INFOPLIST_KEY_UIStatusBarStyle[sdk=iphonesimulator*]" = UIStatusBarStyleDefault;
				INFOPLIST_KEY_UISupportedInterfaceOrientations_iPad = "UIInterfaceOrientationPortrait UIInterfaceOrientationPortraitUpsideDown UIInterfaceOrientationLandscapeLeft UIInterfaceOrientationLandscapeRight";
				INFOPLIST_KEY_UISupportedInterfaceOrientations_iPhone = "UIInterfaceOrientationPortrait UIInterfaceOrientationLandscapeLeft UIInterfaceOrientationLandscapeRight";
				IPHONEOS_DEPLOYMENT_TARGET = 18.0;
				LD_RUNPATH_SEARCH_PATHS = "@executable_path/Frameworks";
				"LD_RUNPATH_SEARCH_PATHS[sdk=macosx*]" = "@executable_path/../Frameworks";
				MACOSX_DEPLOYMENT_TARGET = 26.0;
				MARKETING_VERSION = 1.0;
				PRODUCT_BUNDLE_IDENTIFIER = JE.StepComp;
				PRODUCT_NAME = "$(TARGET_NAME)";
				REGISTER_APP_GROUPS = YES;
				SDKROOT = auto;
				STRING_CATALOG_GENERATE_SYMBOLS = YES;
				SUPPORTED_PLATFORMS = "iphoneos iphonesimulator";
				SUPPORTS_MACCATALYST = NO;
				SWIFT_APPROACHABLE_CONCURRENCY = YES;
				SWIFT_DEFAULT_ACTOR_ISOLATION = MainActor;
				SWIFT_EMIT_LOC_STRINGS = YES;
				SWIFT_UPCOMING_FEATURE_MEMBER_IMPORT_VISIBILITY = YES;
				SWIFT_VERSION = 5.0;
				TARGETED_DEVICE_FAMILY = "1,2";
				XROS_DEPLOYMENT_TARGET = 26.0;
			};
			name = Debug;
		};
		556067422EFC76E6008EDA16 /* Release */ = {
			isa = XCBuildConfiguration;
			buildSettings = {
				ASSETCATALOG_COMPILER_APPICON_NAME = AppIcon;
				ASSETCATALOG_COMPILER_GLOBAL_ACCENT_COLOR_NAME = AccentColor;
				ASSETCATALOG_COMPILER_INCLUDE_ALL_APPICON_ASSETS = YES;
				CODE_SIGN_ENTITLEMENTS = StepComp/StepComp.entitlements;
				CODE_SIGN_STYLE = Automatic;
				CURRENT_PROJECT_VERSION = 1;
				DEVELOPMENT_TEAM = 8HSMVL4J99;
				ENABLE_APP_SANDBOX = NO;
				ENABLE_PREVIEWS = YES;
				GENERATE_INFOPLIST_FILE = YES;
				INFOPLIST_FILE = StepComp/Info.plist;
				INFOPLIST_KEY_CFBundleURLTypes = "{\n    CFBundleURLSchemes =     (\n        \"com.googleusercontent.apps.704127110518-fcj9p8s8na0oo9h5e4rv93b7victn1ge\"\n    );\n}";
				INFOPLIST_KEY_GIDClientID = "704127110518-fcj9p8s8na0oo9h5e4rv93b7victn1ge.apps.googleusercontent.com";
				INFOPLIST_KEY_LSApplicationCategoryType = "public.app-category.healthcare-fitness";
				INFOPLIST_KEY_NSHealthShareUsageDescription = "\"StepComp needs access to your step count to track your progress in challenges.\"\nNSHealthUpdateUsageDescription: \"StepComp needs permission to save your step data for challenge tracking.\"";
				INFOPLIST_KEY_NSHealthUpdateUsageDescription = "StepComp needs permission to save your step data for challenge tracking.";
				"INFOPLIST_KEY_UIApplicationSceneManifest_Generation[sdk=iphoneos*]" = YES;
				"INFOPLIST_KEY_UIApplicationSceneManifest_Generation[sdk=iphonesimulator*]" = YES;
				"INFOPLIST_KEY_UIApplicationSupportsIndirectInputEvents[sdk=iphoneos*]" = YES;
				"INFOPLIST_KEY_UIApplicationSupportsIndirectInputEvents[sdk=iphonesimulator*]" = YES;
				"INFOPLIST_KEY_UILaunchScreen_Generation[sdk=iphoneos*]" = YES;
				"INFOPLIST_KEY_UILaunchScreen_Generation[sdk=iphonesimulator*]" = YES;
				"INFOPLIST_KEY_UIStatusBarStyle[sdk=iphoneos*]" = UIStatusBarStyleDefault;
				"INFOPLIST_KEY_UIStatusBarStyle[sdk=iphonesimulator*]" = UIStatusBarStyleDefault;
				INFOPLIST_KEY_UISupportedInterfaceOrientations_iPad = "UIInterfaceOrientationPortrait UIInterfaceOrientationPortraitUpsideDown UIInterfaceOrientationLandscapeLeft UIInterfaceOrientationLandscapeRight";
				INFOPLIST_KEY_UISupportedInterfaceOrientations_iPhone = "UIInterfaceOrientationPortrait UIInterfaceOrientationLandscapeLeft UIInterfaceOrientationLandscapeRight";
				IPHONEOS_DEPLOYMENT_TARGET = 18.0;
				LD_RUNPATH_SEARCH_PATHS = "@executable_path/Frameworks";
				"LD_RUNPATH_SEARCH_PATHS[sdk=macosx*]" = "@executable_path/../Frameworks";
				MACOSX_DEPLOYMENT_TARGET = 26.0;
				MARKETING_VERSION = 1.0;
				PRODUCT_BUNDLE_IDENTIFIER = JE.StepComp;
				PRODUCT_NAME = "$(TARGET_NAME)";
				REGISTER_APP_GROUPS = YES;
				SDKROOT = auto;
				STRING_CATALOG_GENERATE_SYMBOLS = YES;
				SUPPORTED_PLATFORMS = "iphoneos iphonesimulator";
				SUPPORTS_MACCATALYST = NO;
				SWIFT_APPROACHABLE_CONCURRENCY = YES;
				SWIFT_DEFAULT_ACTOR_ISOLATION = MainActor;
				SWIFT_EMIT_LOC_STRINGS = YES;
				SWIFT_UPCOMING_FEATURE_MEMBER_IMPORT_VISIBILITY = YES;
				SWIFT_VERSION = 5.0;
				TARGETED_DEVICE_FAMILY = "1,2";
				XROS_DEPLOYMENT_TARGET = 26.0;
			};
			name = Release;
		};
/* End XCBuildConfiguration section */

/* Begin XCConfigurationList section */
		550CB3462EFC76E500CCB9B0 /* Build configuration list for PBXNativeTarget "StepCompWorkoutWidgetExtension" */ = {
			isa = XCConfigurationList;
			buildConfigurations = (
				550CB3472EFC76E500CCB9B0 /* Debug */,
				550CB3482EFC76E500CCB9B0 /* Release */,
			);
			defaultConfigurationIsVisible = 0;
			defaultConfigurationName = Release;
		};
		556067302EFC76E5008EDA16 /* Build configuration list for PBXProject "StepComp" */ = {
			isa = XCConfigurationList;
			buildConfigurations = (
				5560673E2EFC76E6008EDA16 /* Debug */,
				5560673F2EFC76E6008EDA16 /* Release */,
			);
			defaultConfigurationIsVisible = 0;
			defaultConfigurationName = Release;
		};
		556067402EFC76E6008EDA16 /* Build configuration list for PBXNativeTarget "StepComp" */ = {
			isa = XCConfigurationList;
			buildConfigurations = (
				556067412EFC76E6008EDA16 /* Debug */,
				556067422EFC76E6008EDA16 /* Release */,
			);
			defaultConfigurationIsVisible = 0;
			defaultConfigurationName = Release;
		};
/* End XCConfigurationList section */

/* Begin XCRemoteSwiftPackageReference section */
		550CB3292EFCDD8600CCB9AB /* XCRemoteSwiftPackageReference "swift-algorithms" */ = {
			isa = XCRemoteSwiftPackageReference;
			repositoryURL = "https://github.com/apple/swift-algorithms.git";
			requirement = {
				kind = upToNextMajorVersion;
				minimumVersion = 1.2.1;
			};
		};
		550CB32C2EFCDE6400CCB9AB /* XCRemoteSwiftPackageReference "supabase-swift" */ = {
			isa = XCRemoteSwiftPackageReference;
			repositoryURL = "https://github.com/supabase-community/supabase-swift.git";
			requirement = {
				kind = upToNextMajorVersion;
				minimumVersion = 2.5.1;
			};
		};
		550CB32D2EFCE49A00CCB9AB /* XCRemoteSwiftPackageReference "GoogleSignIn-iOS" */ = {
			isa = XCRemoteSwiftPackageReference;
			repositoryURL = "https://github.com/google/GoogleSignIn-iOS";
			requirement = {
				kind = upToNextMajorVersion;
				minimumVersion = 9.0.0;
			};
		};
/* End XCRemoteSwiftPackageReference section */

/* Begin XCSwiftPackageProductDependency section */
		550CB32A2EFCDD8600CCB9AB /* Algorithms */ = {
			isa = XCSwiftPackageProductDependency;
			package = 550CB3292EFCDD8600CCB9AB /* XCRemoteSwiftPackageReference "swift-algorithms" */;
			productName = Algorithms;
		};
		550CB32E2EFCE49A00CCB9AB /* GoogleSignIn */ = {
			isa = XCSwiftPackageProductDependency;
			package = 550CB32D2EFCE49A00CCB9AB /* XCRemoteSwiftPackageReference "GoogleSignIn-iOS" */;
			productName = GoogleSignIn;
		};
		550CB3302EFCE49A00CCB9AB /* GoogleSignInSwift */ = {
			isa = XCSwiftPackageProductDependency;
			package = 550CB32D2EFCE49A00CCB9AB /* XCRemoteSwiftPackageReference "GoogleSignIn-iOS" */;
			productName = GoogleSignInSwift;
		};
		550CB3322EFCE6400CCB9AB /* Supabase */ = {
			isa = XCSwiftPackageProductDependency;
			package = 550CB32C2EFCDE6400CCB9AB /* XCRemoteSwiftPackageReference "supabase-swift" */;
			productName = Supabase;
		};
/* End XCSwiftPackageProductDependency section */
	};
	rootObject = 5560672D2EFC76E5008EDA16 /* Project object */;
}
